
Microsoft Visual Studio Solution File, Format Version 12.00
# Visual Studio Version 16
VisualStudioVersion = 16.0.29102.190
MinimumVisualStudioVersion = 10.0.40219.1
Project("{8BC9CEB8-8B4A-11D0-8D11-00A0C91BC942}") = "Error Handling, Exceptions", "Error Handling, Exceptions\Error Handling, Exceptions.vcxproj", "{11FF2442-2AE6-4A02-9571-C17C04724924}"
EndProject
Global
	GlobalSection(SolutionConfigurationPlatforms) = preSolution
		Debug|x64 = Debug|x64
		Debug|x86 = Debug|x86
		Release|x64 = Release|x64
		Release|x86 = Release|x86
	EndGlobalSection
	GlobalSection(ProjectConfigurationPlatforms) = postSolution
		{11FF2442-2AE6-4A02-9571-C17C04724924}.Debug|x64.ActiveCfg = Debug|x64
		{11FF2442-2AE6-4A02-9571-C17C04724924}.Debug|x64.Build.0 = Debug|x64
		{11FF2442-2AE6-4A02-9571-C17C04724924}.Debug|x86.ActiveCfg = Debug|Win32
		{11FF2442-2AE6-4A02-9571-C17C04724924}.Debug|x86.Build.0 = Debug|Win32
		{11FF2442-2AE6-4A02-9571-C17C04724924}.Release|x64.ActiveCfg = Release|x64
		{11FF2442-2AE6-4A02-9571-C17C04724924}.Release|x64.Build.0 = Release|x64
		{11FF2442-2AE6-4A02-9571-C17C04724924}.Release|x86.ActiveCfg = Release|Win32
		{11FF2442-2AE6-4A02-9571-C17C04724924}.Release|x86.Build.0 = Release|Win32
	EndGlobalSection
	GlobalSection(SolutionProperties) = preSolution
		HideSolutionNode = FALSE
	EndGlobalSection
	GlobalSection(ExtensibilityGlobals) = postSolution
		SolutionGuid = {BB563440-D6C9-4812-9797-620D6DE7B493}
	EndGlobalSection
EndGlobal
